{
  "originHash" : "f18c1f89403fd63e414112bab3e306a7a3bd62a795d51df3186fede4fa9f0ed1",
  "pins" : [
    {
      "identity" : "entrevoix-shared",
      "kind" : "remoteSourceControl",
      "location" : "https://github.com/entrevoix-app/entrevoix-shared.git",
      "state" : {
        "revision" : "b25cdf289d85e205d1a0b78f8159bb85c8fec5a9",
        "version" : "0.2.0"
      }
    },
    {
      "identity" : "keyboardshortcuts",
      "kind" : "remoteSourceControl",
      "location" : "https://github.com/sindresorhus/KeyboardShortcuts.git",
      "state" : {
        "revision" : "70caa8dea43e2d273cd5ab78885d7eff01df550c",
        "version" : "1.10.0"
      }
    },
    {
      "identity" : "sparkle",
      "kind" : "remoteSourceControl",
      "location" : "https://github.com/sparkle-project/Sparkle",
      "state" : {
        "revision" : "79bc9e872948e47877e76f194cb0c8e0412b0b90",
        "version" : "2.9.5"
      }
    }
  ],
  "version" : 3
}
